
Microsoft Visual Studio Solution File, Format Version 12.00
# Visual Studio Version 17
VisualStudioVersion = 17.11.35327.3
MinimumVisualStudioVersion = 10.0.40219.1
Project("{FAE04EC0-301F-11D3-BF4B-00C04F79EFBC}") = "ExamenT2", "ExamenT2\ExamenT2.csproj", "{1D2E4EEC-98EF-4B03-A79F-0A2B8011FF29}"
EndProject
Global
	GlobalSection(SolutionConfigurationPlatforms) = preSolution
		Debug|Any CPU = Debug|Any CPU
		Release|Any CPU = Release|Any CPU
	EndGlobalSection
	GlobalSection(ProjectConfigurationPlatforms) = postSolution
		{1D2E4EEC-98EF-4B03-A79F-0A2B8011FF29}.Debug|Any CPU.ActiveCfg = Debug|Any CPU
		{1D2E4EEC-98EF-4B03-A79F-0A2B8011FF29}.Debug|Any CPU.Build.0 = Debug|Any CPU
		{1D2E4EEC-98EF-4B03-A79F-0A2B8011FF29}.Release|Any CPU.ActiveCfg = Release|Any CPU
		{1D2E4EEC-98EF-4B03-A79F-0A2B8011FF29}.Release|Any CPU.Build.0 = Release|Any CPU
	EndGlobalSection
	GlobalSection(SolutionProperties) = preSolution
		HideSolutionNode = FALSE
	EndGlobalSection
	GlobalSection(ExtensibilityGlobals) = postSolution
		SolutionGuid = {16049743-8125-4A97-881A-669CFBCCB947}
	EndGlobalSection
EndGlobal
